
Microsoft Visual Studio Solution File, Format Version 12.00
# Visual Studio Version 17
VisualStudioVersion = 17.11.35222.181
MinimumVisualStudioVersion = 10.0.40219.1
Project("{9A19103F-16F7-4668-BE54-9A1E7A4F7556}") = "UserAgeValidation", "UserAgeValidation\UserAgeValidation.csproj", "{A74C7333-83BD-4E8E-ADAD-8B810DAA91A3}"
EndProject
Project("{9A19103F-16F7-4668-BE54-9A1E7A4F7556}") = "UserGenderValidation", "UserGenderValidation\UserGenderValidation.csproj", "{94313922-6D07-417C-B150-37DA49E2FA1A}"
EndProject
Global
	GlobalSection(SolutionConfigurationPlatforms) = preSolution
		Debug|Any CPU = Debug|Any CPU
		Release|Any CPU = Release|Any CPU
	EndGlobalSection
	GlobalSection(ProjectConfigurationPlatforms) = postSolution
		{A74C7333-83BD-4E8E-ADAD-8B810DAA91A3}.Debug|Any CPU.ActiveCfg = Debug|Any CPU
		{A74C7333-83BD-4E8E-ADAD-8B810DAA91A3}.Debug|Any CPU.Build.0 = Debug|Any CPU
		{A74C7333-83BD-4E8E-ADAD-8B810DAA91A3}.Release|Any CPU.ActiveCfg = Release|Any CPU
		{A74C7333-83BD-4E8E-ADAD-8B810DAA91A3}.Release|Any CPU.Build.0 = Release|Any CPU
		{94313922-6D07-417C-B150-37DA49E2FA1A}.Debug|Any CPU.ActiveCfg = Debug|Any CPU
		{94313922-6D07-417C-B150-37DA49E2FA1A}.Debug|Any CPU.Build.0 = Debug|Any CPU
		{94313922-6D07-417C-B150-37DA49E2FA1A}.Release|Any CPU.ActiveCfg = Release|Any CPU
		{94313922-6D07-417C-B150-37DA49E2FA1A}.Release|Any CPU.Build.0 = Release|Any CPU
	EndGlobalSection
	GlobalSection(SolutionProperties) = preSolution
		HideSolutionNode = FALSE
	EndGlobalSection
	GlobalSection(ExtensibilityGlobals) = postSolution
		SolutionGuid = {F03188FD-73C3-4565-9083-E04B1B389B8C}
	EndGlobalSection
EndGlobal
